
Microsoft Visual Studio Solution File, Format Version 10.00
# Visual Studio 2008
Project("{F184B08F-C81C-45F6-A57F-5ABD9991F28F}") = "Prototypes", "Prototypes\Prototypes.vbproj", "{D2261C91-F0E1-4494-87AE-917BEDB5549B}"
EndProject
Global
	GlobalSection(SolutionConfigurationPlatforms) = preSolution
		Debug|Any CPU = Debug|Any CPU
		Release|Any CPU = Release|Any CPU
	EndGlobalSection
	GlobalSection(ProjectConfigurationPlatforms) = postSolution
		{D2261C91-F0E1-4494-87AE-917BEDB5549B}.Debug|Any CPU.ActiveCfg = Debug|Any CPU
		{D2261C91-F0E1-4494-87AE-917BEDB5549B}.Debug|Any CPU.Build.0 = Debug|Any CPU
		{D2261C91-F0E1-4494-87AE-917BEDB5549B}.Release|Any CPU.ActiveCfg = Release|Any CPU
		{D2261C91-F0E1-4494-87AE-917BEDB5549B}.Release|Any CPU.Build.0 = Release|Any CPU
	EndGlobalSection
	GlobalSection(SolutionProperties) = preSolution
		HideSolutionNode = FALSE
	EndGlobalSection
EndGlobal
